
Microsoft Visual Studio Solution File, Format Version 12.00
# Visual Studio Version 16
VisualStudioVersion = 16.0.31624.102
MinimumVisualStudioVersion = 10.0.40219.1
Project("{FAE04EC0-301F-11D3-BF4B-00C04F79EFBC}") = "25SEP_Challenge", "25SEP_Challenge\25SEP_Challenge.csproj", "{EC5BCAE1-D96C-4EB5-9723-B67C2B100F32}"
EndProject
Global
	GlobalSection(SolutionConfigurationPlatforms) = preSolution
		Debug|Any CPU = Debug|Any CPU
		Release|Any CPU = Release|Any CPU
	EndGlobalSection
	GlobalSection(ProjectConfigurationPlatforms) = postSolution
		{EC5BCAE1-D96C-4EB5-9723-B67C2B100F32}.Debug|Any CPU.ActiveCfg = Debug|Any CPU
		{EC5BCAE1-D96C-4EB5-9723-B67C2B100F32}.Debug|Any CPU.Build.0 = Debug|Any CPU
		{EC5BCAE1-D96C-4EB5-9723-B67C2B100F32}.Release|Any CPU.ActiveCfg = Release|Any CPU
		{EC5BCAE1-D96C-4EB5-9723-B67C2B100F32}.Release|Any CPU.Build.0 = Release|Any CPU
	EndGlobalSection
	GlobalSection(SolutionProperties) = preSolution
		HideSolutionNode = FALSE
	EndGlobalSection
	GlobalSection(ExtensibilityGlobals) = postSolution
		SolutionGuid = {F6AB30E9-9615-4ABE-8109-603E1FE1F164}
	EndGlobalSection
EndGlobal
